
Microsoft Visual Studio Solution File, Format Version 12.00
# Visual Studio Version 17
VisualStudioVersion = 17.1.32210.238
MinimumVisualStudioVersion = 10.0.40219.1
Project("{9A19103F-16F7-4668-BE54-9A1E7A4F7556}") = "MiaoywwwTools_Windows", "MiaoywwwTools\MiaoywwwTools_Windows.csproj", "{6D7CB200-902C-429A-9843-EB1EC7437384}"
EndProject
Project("{9A19103F-16F7-4668-BE54-9A1E7A4F7556}") = "restart", "restart\restart.csproj", "{5369B3AA-D0E7-4D84-A818-28C42C02868E}"
EndProject
Project("{9A19103F-16F7-4668-BE54-9A1E7A4F7556}") = "update", "update\update.csproj", "{39706720-A12E-4A15-A471-8FFEAE30FF47}"
EndProject
Project("{2150E333-8FDC-42A3-9474-1A3956D46DE8}") = "MiaoywwwTools_Wpf", "MiaoywwwTools_Wpf", "{4504A297-7A51-4994-A932-35C432BE9452}"
EndProject
Project("{2150E333-8FDC-42A3-9474-1A3956D46DE8}") = "MiaoywwwTools_Xamarin", "MiaoywwwTools_Xamarin", "{1938A76F-D78D-4425-9C80-AE4D4C50B4FE}"
EndProject
Project("{FAE04EC0-301F-11D3-BF4B-00C04F79EFBC}") = "MiaoywwwTools_Android.Android", "MiaoywwwTools_Android\MiaoywwwTools_Android.Android\MiaoywwwTools_Android.Android.csproj", "{E844EC35-B124-4634-806A-BA5DF5E43A3A}"
EndProject
Project("{FAE04EC0-301F-11D3-BF4B-00C04F79EFBC}") = "MiaoywwwTools_Android", "MiaoywwwTools_Android\MiaoywwwTools_Android\MiaoywwwTools_Android.csproj", "{29CC8D71-9DFF-4118-A30C-645041BD0E0C}"
EndProject
Global
	GlobalSection(SolutionConfigurationPlatforms) = preSolution
		Debug|Any CPU = Debug|Any CPU
		Release|Any CPU = Release|Any CPU
	EndGlobalSection
	GlobalSection(ProjectConfigurationPlatforms) = postSolution
		{6D7CB200-902C-429A-9843-EB1EC7437384}.Debug|Any CPU.ActiveCfg = Debug|Any CPU
		{6D7CB200-902C-429A-9843-EB1EC7437384}.Debug|Any CPU.Build.0 = Debug|Any CPU
		{6D7CB200-902C-429A-9843-EB1EC7437384}.Release|Any CPU.ActiveCfg = Release|Any CPU
		{6D7CB200-902C-429A-9843-EB1EC7437384}.Release|Any CPU.Build.0 = Release|Any CPU
		{5369B3AA-D0E7-4D84-A818-28C42C02868E}.Debug|Any CPU.ActiveCfg = Debug|Any CPU
		{5369B3AA-D0E7-4D84-A818-28C42C02868E}.Debug|Any CPU.Build.0 = Debug|Any CPU
		{5369B3AA-D0E7-4D84-A818-28C42C02868E}.Release|Any CPU.ActiveCfg = Release|Any CPU
		{5369B3AA-D0E7-4D84-A818-28C42C02868E}.Release|Any CPU.Build.0 = Release|Any CPU
		{39706720-A12E-4A15-A471-8FFEAE30FF47}.Debug|Any CPU.ActiveCfg = Debug|Any CPU
		{39706720-A12E-4A15-A471-8FFEAE30FF47}.Debug|Any CPU.Build.0 = Debug|Any CPU
		{39706720-A12E-4A15-A471-8FFEAE30FF47}.Release|Any CPU.ActiveCfg = Release|Any CPU
		{39706720-A12E-4A15-A471-8FFEAE30FF47}.Release|Any CPU.Build.0 = Release|Any CPU
		{E844EC35-B124-4634-806A-BA5DF5E43A3A}.Debug|Any CPU.ActiveCfg = Debug|Any CPU
		{E844EC35-B124-4634-806A-BA5DF5E43A3A}.Debug|Any CPU.Build.0 = Debug|Any CPU
		{E844EC35-B124-4634-806A-BA5DF5E43A3A}.Debug|Any CPU.Deploy.0 = Debug|Any CPU
		{E844EC35-B124-4634-806A-BA5DF5E43A3A}.Release|Any CPU.ActiveCfg = Release|Any CPU
		{E844EC35-B124-4634-806A-BA5DF5E43A3A}.Release|Any CPU.Build.0 = Release|Any CPU
		{E844EC35-B124-4634-806A-BA5DF5E43A3A}.Release|Any CPU.Deploy.0 = Release|Any CPU
		{29CC8D71-9DFF-4118-A30C-645041BD0E0C}.Debug|Any CPU.ActiveCfg = Debug|Any CPU
		{29CC8D71-9DFF-4118-A30C-645041BD0E0C}.Debug|Any CPU.Build.0 = Debug|Any CPU
		{29CC8D71-9DFF-4118-A30C-645041BD0E0C}.Release|Any CPU.ActiveCfg = Release|Any CPU
		{29CC8D71-9DFF-4118-A30C-645041BD0E0C}.Release|Any CPU.Build.0 = Release|Any CPU
	EndGlobalSection
	GlobalSection(SolutionProperties) = preSolution
		HideSolutionNode = FALSE
	EndGlobalSection
	GlobalSection(NestedProjects) = preSolution
		{6D7CB200-902C-429A-9843-EB1EC7437384} = {4504A297-7A51-4994-A932-35C432BE9452}
		{5369B3AA-D0E7-4D84-A818-28C42C02868E} = {4504A297-7A51-4994-A932-35C432BE9452}
		{39706720-A12E-4A15-A471-8FFEAE30FF47} = {4504A297-7A51-4994-A932-35C432BE9452}
		{E844EC35-B124-4634-806A-BA5DF5E43A3A} = {1938A76F-D78D-4425-9C80-AE4D4C50B4FE}
		{29CC8D71-9DFF-4118-A30C-645041BD0E0C} = {1938A76F-D78D-4425-9C80-AE4D4C50B4FE}
	EndGlobalSection
	GlobalSection(ExtensibilityGlobals) = postSolution
		SolutionGuid = {4D32A669-1E02-4445-89E1-BA1892360BBF}
	EndGlobalSection
EndGlobal
